// !$*UTF8*$!
{
	archiveVersion = 1;
	classes = {
	};
	objectVersion = 46;
	objects = {

/* Begin PBXBuildFile section */
		EC1AD28C1A436E18009F1C37 /* Scribble.png in Resources */ = {isa = PBXBuildFile; fileRef = EC1AD28B1A436E18009F1C37 /* Scribble.png */; };
		EC59F76B1A3F749700B87226 /* SettingsViewController.m in Sources */ = {isa = PBXBuildFile; fileRef = EC59F76A1A3F749700B87226 /* SettingsViewController.m */; };
		EC59F76D1A408BD800B87226 /* whitePixel.png in Resources */ = {isa = PBXBuildFile; fileRef = EC59F76C1A408BD800B87226 /* whitePixel.png */; };
		EC9C87DF1A3A439F0057C092 /* main.m in Sources */ = {isa = PBXBuildFile; fileRef = EC9C87DE1A3A439F0057C092 /* main.m */; };
		EC9C87E21A3A439F0057C092 /* AppDelegate.m in Sources */ = {isa = PBXBuildFile; fileRef = EC9C87E11A3A439F0057C092 /* AppDelegate.m */; };
		EC9C87E51A3A439F0057C092 /* ViewController.m in Sources */ = {isa = PBXBuildFile; fileRef = EC9C87E41A3A439F0057C092 /* ViewController.m */; };
		EC9C87E81A3A439F0057C092 /* Main.storyboard in Resources */ = {isa = PBXBuildFile; fileRef = EC9C87E61A3A439F0057C092 /* Main.storyboard */; };
		EC9C87EA1A3A439F0057C092 /* Images.xcassets in Resources */ = {isa = PBXBuildFile; fileRef = EC9C87E91A3A439F0057C092 /* Images.xcassets */; };
		EC9C87ED1A3A439F0057C092 /* LaunchScreen.xib in Resources */ = {isa = PBXBuildFile; fileRef = EC9C87EB1A3A439F0057C092 /* LaunchScreen.xib */; };
		EC9C87F91A3A439F0057C092 /* Scrible_ScrableTests.m in Sources */ = {isa = PBXBuildFile; fileRef = EC9C87F81A3A439F0057C092 /* Scrible_ScrableTests.m */; };
		EC9C88051A3A4FB70057C092 /* CoreGraphics.framework in Frameworks */ = {isa = PBXBuildFile; fileRef = EC9C88041A3A4FB70057C092 /* CoreGraphics.framework */; };
		EC9C88071A3A4FC70057C092 /* Foundation.framework in Frameworks */ = {isa = PBXBuildFile; fileRef = EC9C88061A3A4FC70057C092 /* Foundation.framework */; };
		EC9C88091A3A4FD70057C092 /* UIKit.framework in Frameworks */ = {isa = PBXBuildFile; fileRef = EC9C88081A3A4FD70057C092 /* UIKit.framework */; };
/* End PBXBuildFile section */

/* Begin PBXContainerItemProxy section */
		EC9C87F31A3A439F0057C092 /* PBXContainerItemProxy */ = {
			isa = PBXContainerItemProxy;
			containerPortal = EC9C87D11A3A439F0057C092 /* Project object */;
			proxyType = 1;
			remoteGlobalIDString = EC9C87D81A3A439F0057C092;
			remoteInfo = "Scrible Scrable";
		};
/* End PBXContainerItemProxy section */

/* Begin PBXFileReference section */
		EC1AD28B1A436E18009F1C37 /* Scribble.png */ = {isa = PBXFileReference; lastKnownFileType = image.png; path = Scribble.png; sourceTree = "<group>"; };
		EC59F7691A3F749700B87226 /* SettingsViewController.h */ = {isa = PBXFileReference; fileEncoding = 4; lastKnownFileType = sourcecode.c.h; path = SettingsViewController.h; sourceTree = "<group>"; };
		EC59F76A1A3F749700B87226 /* SettingsViewController.m */ = {isa = PBXFileReference; fileEncoding = 4; lastKnownFileType = sourcecode.c.objc; path = SettingsViewController.m; sourceTree = "<group>"; };
		EC59F76C1A408BD800B87226 /* whitePixel.png */ = {isa = PBXFileReference; lastKnownFileType = image.png; name = whitePixel.png; path = ../../whitePixel.png; sourceTree = "<group>"; };
		EC9C87D91A3A439F0057C092 /* Scrible Scrable.app */ = {isa = PBXFileReference; explicitFileType = wrapper.application; includeInIndex = 0; path = "Scrible Scrable.app"; sourceTree = BUILT_PRODUCTS_DIR; };
		EC9C87DD1A3A439F0057C092 /* Info.plist */ = {isa = PBXFileReference; lastKnownFileType = text.plist.xml; path = Info.plist; sourceTree = "<group>"; };
		EC9C87DE1A3A439F0057C092 /* main.m */ = {isa = PBXFileReference; lastKnownFileType = sourcecode.c.objc; path = main.m; sourceTree = "<group>"; };
		EC9C87E01A3A439F0057C092 /* AppDelegate.h */ = {isa = PBXFileReference; lastKnownFileType = sourcecode.c.h; path = AppDelegate.h; sourceTree = "<group>"; };
		EC9C87E11A3A439F0057C092 /* AppDelegate.m */ = {isa = PBXFileReference; lastKnownFileType = sourcecode.c.objc; path = AppDelegate.m; sourceTree = "<group>"; };
		EC9C87E31A3A439F0057C092 /* ViewController.h */ = {isa = PBXFileReference; lastKnownFileType = sourcecode.c.h; path = ViewController.h; sourceTree = "<group>"; };
		EC9C87E41A3A439F0057C092 /* ViewController.m */ = {isa = PBXFileReference; lastKnownFileType = sourcecode.c.objc; path = ViewController.m; sourceTree = "<group>"; };
		EC9C87E71A3A439F0057C092 /* Base */ = {isa = PBXFileReference; lastKnownFileType = file.storyboard; name = Base; path = Base.lproj/Main.storyboard; sourceTree = "<group>"; };
		EC9C87E91A3A439F0057C092 /* Images.xcassets */ = {isa = PBXFileReference; lastKnownFileType = folder.assetcatalog; path = Images.xcassets; sourceTree = "<group>"; };
		EC9C87EC1A3A439F0057C092 /* Base */ = {isa = PBXFileReference; lastKnownFileType = file.xib; name = Base; path = Base.lproj/LaunchScreen.xib; sourceTree = "<group>"; };
		EC9C87F21A3A439F0057C092 /* Scrible ScrableTests.xctest */ = {isa = PBXFileReference; explicitFileType = wrapper.cfbundle; includeInIndex = 0; path = "Scrible ScrableTests.xctest"; sourceTree = BUILT_PRODUCTS_DIR; };
		EC9C87F71A3A439F0057C092 /* Info.plist */ = {isa = PBXFileReference; lastKnownFileType = text.plist.xml; path = Info.plist; sourceTree = "<group>"; };
		EC9C87F81A3A439F0057C092 /* Scrible_ScrableTests.m */ = {isa = PBXFileReference; lastKnownFileType = sourcecode.c.objc; path = Scrible_ScrableTests.m; sourceTree = "<group>"; };
		EC9C88021A3A4F890057C092 /* QuartzCore.framework */ = {isa = PBXFileReference; lastKnownFileType = wrapper.framework; name = QuartzCore.framework; path = System/Library/Frameworks/QuartzCore.framework; sourceTree = SDKROOT; };
		EC9C88041A3A4FB70057C092 /* CoreGraphics.framework */ = {isa = PBXFileReference; lastKnownFileType = wrapper.framework; name = CoreGraphics.framework; path = System/Library/Frameworks/CoreGraphics.framework; sourceTree = SDKROOT; };
		EC9C88061A3A4FC70057C092 /* Foundation.framework */ = {isa = PBXFileReference; lastKnownFileType = wrapper.framework; name = Foundation.framework; path = System/Library/Frameworks/Foundation.framework; sourceTree = SDKROOT; };
		EC9C88081A3A4FD70057C092 /* UIKit.framework */ = {isa = PBXFileReference; lastKnownFileType = wrapper.framework; name = UIKit.framework; path = System/Library/Frameworks/UIKit.framework; sourceTree = SDKROOT; };
/* End PBXFileReference section */

/* Begin PBXFrameworksBuildPhase section */
		EC9C87D61A3A439F0057C092 /* Frameworks */ = {
			isa = PBXFrameworksBuildPhase;
			buildActionMask = 2147483647;
			files = (
				EC9C88091A3A4FD70057C092 /* UIKit.framework in Frameworks */,
				EC9C88071A3A4FC70057C092 /* Foundation.framework in Frameworks */,
				EC9C88051A3A4FB70057C092 /* CoreGraphics.framework in Frameworks */,
			);
			runOnlyForDeploymentPostprocessing = 0;
		};
		EC9C87EF1A3A439F0057C092 /* Frameworks */ = {
			isa = PBXFrameworksBuildPhase;
			buildActionMask = 2147483647;
			files = (
			);
			runOnlyForDeploymentPostprocessing = 0;
		};
/* End PBXFrameworksBuildPhase section */

/* Begin PBXGroup section */
		EC9C87D01A3A439F0057C092 = {
			isa = PBXGroup;
			children = (
				EC9C88081A3A4FD70057C092 /* UIKit.framework */,
				EC9C88061A3A4FC70057C092 /* Foundation.framework */,
				EC9C88041A3A4FB70057C092 /* CoreGraphics.framework */,
				EC9C88021A3A4F890057C092 /* QuartzCore.framework */,
				EC9C87DB1A3A439F0057C092 /* Scrible Scrable */,
				EC9C87F51A3A439F0057C092 /* Scrible ScrableTests */,
				EC9C87DA1A3A439F0057C092 /* Products */,
			);
			sourceTree = "<group>";
		};
		EC9C87DA1A3A439F0057C092 /* Products */ = {
			isa = PBXGroup;
			children = (
				EC9C87D91A3A439F0057C092 /* Scrible Scrable.app */,
				EC9C87F21A3A439F0057C092 /* Scrible ScrableTests.xctest */,
			);
			name = Products;
			sourceTree = "<group>";
		};
		EC9C87DB1A3A439F0057C092 /* Scrible Scrable */ = {
			isa = PBXGroup;
			children = (
				EC9C87E01A3A439F0057C092 /* AppDelegate.h */,
				EC9C87E11A3A439F0057C092 /* AppDelegate.m */,
				EC9C87E31A3A439F0057C092 /* ViewController.h */,
				EC9C87E41A3A439F0057C092 /* ViewController.m */,
				EC59F7691A3F749700B87226 /* SettingsViewController.h */,
				EC59F76A1A3F749700B87226 /* SettingsViewController.m */,
				EC9C87E61A3A439F0057C092 /* Main.storyboard */,
				EC9C87E91A3A439F0057C092 /* Images.xcassets */,
				EC9C87EB1A3A439F0057C092 /* LaunchScreen.xib */,
				EC9C87DC1A3A439F0057C092 /* Supporting Files */,
			);
			path = "Scrible Scrable";
			sourceTree = "<group>";
		};
		EC9C87DC1A3A439F0057C092 /* Supporting Files */ = {
			isa = PBXGroup;
			children = (
				EC1AD28B1A436E18009F1C37 /* Scribble.png */,
				EC59F76C1A408BD800B87226 /* whitePixel.png */,
				EC9C87DD1A3A439F0057C092 /* Info.plist */,
				EC9C87DE1A3A439F0057C092 /* main.m */,
			);
			name = "Supporting Files";
			sourceTree = "<group>";
		};
		EC9C87F51A3A439F0057C092 /* Scrible ScrableTests */ = {
			isa = PBXGroup;
			children = (
				EC9C87F81A3A439F0057C092 /* Scrible_ScrableTests.m */,
				EC9C87F61A3A439F0057C092 /* Supporting Files */,
			);
			path = "Scrible ScrableTests";
			sourceTree = "<group>";
		};
		EC9C87F61A3A439F0057C092 /* Supporting Files */ = {
			isa = PBXGroup;
			children = (
				EC9C87F71A3A439F0057C092 /* Info.plist */,
			);
			name = "Supporting Files";
			sourceTree = "<group>";
		};
/* End PBXGroup section */

/* Begin PBXNativeTarget section */
		EC9C87D81A3A439F0057C092 /* Scrible Scrable */ = {
			isa = PBXNativeTarget;
			buildConfigurationList = EC9C87FC1A3A439F0057C092 /* Build configuration list for PBXNativeTarget "Scrible Scrable" */;
			buildPhases = (
				EC9C87D51A3A439F0057C092 /* Sources */,
				EC9C87D61A3A439F0057C092 /* Frameworks */,
				EC9C87D71A3A439F0057C092 /* Resources */,
			);
			buildRules = (
			);
			dependencies = (
			);
			name = "Scrible Scrable";
			productName = "Scrible Scrable";
			productReference = EC9C87D91A3A439F0057C092 /* Scrible Scrable.app */;
			productType = "com.apple.product-type.application";
		};
		EC9C87F11A3A439F0057C092 /* Scrible ScrableTests */ = {
			isa = PBXNativeTarget;
			buildConfigurationList = EC9C87FF1A3A439F0057C092 /* Build configuration list for PBXNativeTarget "Scrible ScrableTests" */;
			buildPhases = (
				EC9C87EE1A3A439F0057C092 /* Sources */,
				EC9C87EF1A3A439F0057C092 /* Frameworks */,
				EC9C87F01A3A439F0057C092 /* Resources */,
			);
			buildRules = (
			);
			dependencies = (
				EC9C87F41A3A439F0057C092 /* PBXTargetDependency */,
			);
			name = "Scrible ScrableTests";
			productName = "Scrible ScrableTests";
			productReference = EC9C87F21A3A439F0057C092 /* Scrible ScrableTests.xctest */;
			productType = "com.apple.product-type.bundle.unit-test";
		};
/* End PBXNativeTarget section */

/* Begin PBXProject section */
		EC9C87D11A3A439F0057C092 /* Project object */ = {
			isa = PBXProject;
			attributes = {
				LastUpgradeCheck = 0600;
				ORGANIZATIONNAME = "Nutech Systems Inc.";
				TargetAttributes = {
					EC9C87D81A3A439F0057C092 = {
						CreatedOnToolsVersion = 6.0.1;
					};
					EC9C87F11A3A439F0057C092 = {
						CreatedOnToolsVersion = 6.0.1;
						TestTargetID = EC9C87D81A3A439F0057C092;
					};
				};
			};
			buildConfigurationList = EC9C87D41A3A439F0057C092 /* Build configuration list for PBXProject "Scrible Scrable" */;
			compatibilityVersion = "Xcode 3.2";
			developmentRegion = English;
			hasScannedForEncodings = 0;
			knownRegions = (
				en,
				Base,
			);
			mainGroup = EC9C87D01A3A439F0057C092;
			productRefGroup = EC9C87DA1A3A439F0057C092 /* Products */;
			projectDirPath = "";
			projectRoot = "";
			targets = (
				EC9C87D81A3A439F0057C092 /* Scrible Scrable */,
				EC9C87F11A3A439F0057C092 /* Scrible ScrableTests */,
			);
		};
/* End PBXProject section */

/* Begin PBXResourcesBuildPhase section */
		EC9C87D71A3A439F0057C092 /* Resources */ = {
			isa = PBXResourcesBuildPhase;
			buildActionMask = 2147483647;
			files = (
				EC59F76D1A408BD800B87226 /* whitePixel.png in Resources */,
				EC1AD28C1A436E18009F1C37 /* Scribble.png in Resources */,
				EC9C87E81A3A439F0057C092 /* Main.storyboard in Resources */,
				EC9C87ED1A3A439F0057C092 /* LaunchScreen.xib in Resources */,
				EC9C87EA1A3A439F0057C092 /* Images.xcassets in Resources */,
			);
			runOnlyForDeploymentPostprocessing = 0;
		};
		EC9C87F01A3A439F0057C092 /* Resources */ = {
			isa = PBXResourcesBuildPhase;
			buildActionMask = 2147483647;
			files = (
			);
			runOnlyForDeploymentPostprocessing = 0;
		};
/* End PBXResourcesBuildPhase section */

/* Begin PBXSourcesBuildPhase section */
		EC9C87D51A3A439F0057C092 /* Sources */ = {
			isa = PBXSourcesBuildPhase;
			buildActionMask = 2147483647;
			files = (
				EC9C87E51A3A439F0057C092 /* ViewController.m in Sources */,
				EC9C87E21A3A439F0057C092 /* AppDelegate.m in Sources */,
				EC9C87DF1A3A439F0057C092 /* main.m in Sources */,
				EC59F76B1A3F749700B87226 /* SettingsViewController.m in Sources */,
			);
			runOnlyForDeploymentPostprocessing = 0;
		};
		EC9C87EE1A3A439F0057C092 /* Sources */ = {
			isa = PBXSourcesBuildPhase;
			buildActionMask = 2147483647;
			files = (
				EC9C87F91A3A439F0057C092 /* Scrible_ScrableTests.m in Sources */,
			);
			runOnlyForDeploymentPostprocessing = 0;
		};
/* End PBXSourcesBuildPhase section */

/* Begin PBXTargetDependency section */
		EC9C87F41A3A439F0057C092 /* PBXTargetDependency */ = {
			isa = PBXTargetDependency;
			target = EC9C87D81A3A439F0057C092 /* Scrible Scrable */;
			targetProxy = EC9C87F31A3A439F0057C092 /* PBXContainerItemProxy */;
		};
/* End PBXTargetDependency section */

/* Begin PBXVariantGroup section */
		EC9C87E61A3A439F0057C092 /* Main.storyboard */ = {
			isa = PBXVariantGroup;
			children = (
				EC9C87E71A3A439F0057C092 /* Base */,
			);
			name = Main.storyboard;
			sourceTree = "<group>";
		};
		EC9C87EB1A3A439F0057C092 /* LaunchScreen.xib */ = {
			isa = PBXVariantGroup;
			children = (
				EC9C87EC1A3A439F0057C092 /* Base */,
			);
			name = LaunchScreen.xib;
			sourceTree = "<group>";
		};
/* End PBXVariantGroup section */

/* Begin XCBuildConfiguration section */
		EC9C87FA1A3A439F0057C092 /* Debug */ = {
			isa = XCBuildConfiguration;
			buildSettings = {
				ALWAYS_SEARCH_USER_PATHS = NO;
				CLANG_CXX_LANGUAGE_STANDARD = "gnu++0x";
				CLANG_CXX_LIBRARY = "libc++";
				CLANG_ENABLE_MODULES = YES;
				CLANG_ENABLE_OBJC_ARC = YES;
				CLANG_WARN_BOOL_CONVERSION = YES;
				CLANG_WARN_CONSTANT_CONVERSION = YES;
				CLANG_WARN_DIRECT_OBJC_ISA_USAGE = YES_ERROR;
				CLANG_WARN_EMPTY_BODY = YES;
				CLANG_WARN_ENUM_CONVERSION = YES;
				CLANG_WARN_INT_CONVERSION = YES;
				CLANG_WARN_OBJC_ROOT_CLASS = YES_ERROR;
				CLANG_WARN_UNREACHABLE_CODE = YES;
				CLANG_WARN__DUPLICATE_METHOD_MATCH = YES;
				"CODE_SIGN_IDENTITY[sdk=iphoneos*]" = "iPhone Developer";
				COPY_PHASE_STRIP = NO;
				ENABLE_STRICT_OBJC_MSGSEND = YES;
				GCC_C_LANGUAGE_STANDARD = gnu99;
				GCC_DYNAMIC_NO_PIC = NO;
				GCC_OPTIMIZATION_LEVEL = 0;
				GCC_PREPROCESSOR_DEFINITIONS = (
					"DEBUG=1",
					"$(inherited)",
				);
				GCC_SYMBOLS_PRIVATE_EXTERN = NO;
				GCC_WARN_64_TO_32_BIT_CONVERSION = YES;
				GCC_WARN_ABOUT_RETURN_TYPE = YES_ERROR;
				GCC_WARN_UNDECLARED_SELECTOR = YES;
				GCC_WARN_UNINITIALIZED_AUTOS = YES_AGGRESSIVE;
				GCC_WARN_UNUSED_FUNCTION = YES;
				GCC_WARN_UNUSED_VARIABLE = YES;
				IPHONEOS_DEPLOYMENT_TARGET = 8.0;
				MTL_ENABLE_DEBUG_INFO = YES;
				ONLY_ACTIVE_ARCH = YES;
				SDKROOT = iphoneos;
			};
			name = Debug;
		};
		EC9C87FB1A3A439F0057C092 /* Release */ = {
			isa = XCBuildConfiguration;
			buildSettings = {
				ALWAYS_SEARCH_USER_PATHS = NO;
				CLANG_CXX_LANGUAGE_STANDARD = "gnu++0x";
				CLANG_CXX_LIBRARY = "libc++";
				CLANG_ENABLE_MODULES = YES;
				CLANG_ENABLE_OBJC_ARC = YES;
				CLANG_WARN_BOOL_CONVERSION = YES;
				CLANG_WARN_CONSTANT_CONVERSION = YES;
				CLANG_WARN_DIRECT_OBJC_ISA_USAGE = YES_ERROR;
				CLANG_WARN_EMPTY_BODY = YES;
				CLANG_WARN_ENUM_CONVERSION = YES;
				CLANG_WARN_INT_CONVERSION = YES;
				CLANG_WARN_OBJC_ROOT_CLASS = YES_ERROR;
				CLANG_WARN_UNREACHABLE_CODE = YES;
				CLANG_WARN__DUPLICATE_METHOD_MATCH = YES;
				"CODE_SIGN_IDENTITY[sdk=iphoneos*]" = "iPhone Developer";
				COPY_PHASE_STRIP = YES;
				ENABLE_NS_ASSERTIONS = NO;
				ENABLE_STRICT_OBJC_MSGSEND = YES;
				GCC_C_LANGUAGE_STANDARD = gnu99;
				GCC_WARN_64_TO_32_BIT_CONVERSION = YES;
				GCC_WARN_ABOUT_RETURN_TYPE = YES_ERROR;
				GCC_WARN_UNDECLARED_SELECTOR = YES;
				GCC_WARN_UNINITIALIZED_AUTOS = YES_AGGRESSIVE;
				GCC_WARN_UNUSED_FUNCTION = YES;
				GCC_WARN_UNUSED_VARIABLE = YES;
				IPHONEOS_DEPLOYMENT_TARGET = 8.0;
				MTL_ENABLE_DEBUG_INFO = NO;
				SDKROOT = iphoneos;
				VALIDATE_PRODUCT = YES;
			};
			name = Release;
		};
		EC9C87FD1A3A439F0057C092 /* Debug */ = {
			isa = XCBuildConfiguration;
			buildSettings = {
				ASSETCATALOG_COMPILER_APPICON_NAME = AppIcon;
				INFOPLIST_FILE = "Scrible Scrable/Info.plist";
				IPHONEOS_DEPLOYMENT_TARGET = 8.0;
				LD_RUNPATH_SEARCH_PATHS = "$(inherited) @executable_path/Frameworks";
				PRODUCT_NAME = "$(TARGET_NAME)";
				TARGETED_DEVICE_FAMILY = "1,2";
			};
			name = Debug;
		};
		EC9C87FE1A3A439F0057C092 /* Release */ = {
			isa = XCBuildConfiguration;
			buildSettings = {
				ASSETCATALOG_COMPILER_APPICON_NAME = AppIcon;
				INFOPLIST_FILE = "Scrible Scrable/Info.plist";
				IPHONEOS_DEPLOYMENT_TARGET = 8.0;
				LD_RUNPATH_SEARCH_PATHS = "$(inherited) @executable_path/Frameworks";
				PRODUCT_NAME = "$(TARGET_NAME)";
				TARGETED_DEVICE_FAMILY = "1,2";
			};
			name = Release;
		};
		EC9C88001A3A439F0057C092 /* Debug */ = {
			isa = XCBuildConfiguration;
			buildSettings = {
				BUNDLE_LOADER = "$(TEST_HOST)";
				FRAMEWORK_SEARCH_PATHS = (
					"$(SDKROOT)/Developer/Library/Frameworks",
					"$(inherited)",
				);
				GCC_PREPROCESSOR_DEFINITIONS = (
					"DEBUG=1",
					"$(inherited)",
				);
				INFOPLIST_FILE = "Scrible ScrableTests/Info.plist";
				LD_RUNPATH_SEARCH_PATHS = "$(inherited) @executable_path/Frameworks @loader_path/Frameworks";
				PRODUCT_NAME = "$(TARGET_NAME)";
				TEST_HOST = "$(BUILT_PRODUCTS_DIR)/Scrible Scrable.app/Scrible Scrable";
			};
			name = Debug;
		};
		EC9C88011A3A439F0057C092 /* Release */ = {
			isa = XCBuildConfiguration;
			buildSettings = {
				BUNDLE_LOADER = "$(TEST_HOST)";
				FRAMEWORK_SEARCH_PATHS = (
					"$(SDKROOT)/Developer/Library/Frameworks",
					"$(inherited)",
				);
				INFOPLIST_FILE = "Scrible ScrableTests/Info.plist";
				LD_RUNPATH_SEARCH_PATHS = "$(inherited) @executable_path/Frameworks @loader_path/Frameworks";
				PRODUCT_NAME = "$(TARGET_NAME)";
				TEST_HOST = "$(BUILT_PRODUCTS_DIR)/Scrible Scrable.app/Scrible Scrable";
			};
			name = Release;
		};
/* End XCBuildConfiguration section */

/* Begin XCConfigurationList section */
		EC9C87D41A3A439F0057C092 /* Build configuration list for PBXProject "Scrible Scrable" */ = {
			isa = XCConfigurationList;
			buildConfigurations = (
				EC9C87FA1A3A439F0057C092 /* Debug */,
				EC9C87FB1A3A439F0057C092 /* Release */,
			);
			defaultConfigurationIsVisible = 0;
			defaultConfigurationName = Release;
		};
		EC9C87FC1A3A439F0057C092 /* Build configuration list for PBXNativeTarget "Scrible Scrable" */ = {
			isa = XCConfigurationList;
			buildConfigurations = (
				EC9C87FD1A3A439F0057C092 /* Debug */,
				EC9C87FE1A3A439F0057C092 /* Release */,
			);
			defaultConfigurationIsVisible = 0;
			defaultConfigurationName = Release;
		};
		EC9C87FF1A3A439F0057C092 /* Build configuration list for PBXNativeTarget "Scrible ScrableTests" */ = {
			isa = XCConfigurationList;
			buildConfigurations = (
				EC9C88001A3A439F0057C092 /* Debug */,
				EC9C88011A3A439F0057C092 /* Release */,
			);
			defaultConfigurationIsVisible = 0;
			defaultConfigurationName = Release;
		};
/* End XCConfigurationList section */
	};
	rootObject = EC9C87D11A3A439F0057C092 /* Project object */;
}
